// !$*UTF8*$!
{
	archiveVersion = 1;
	classes = {
	};
	objectVersion = 46;
	objects = {

/* Begin PBXBuildFile section */
		3A0432841841F8D400DBE006 /* testimage.jpeg in Resources */ = {isa = PBXBuildFile; fileRef = 3A0432831841F8D400DBE006 /* testimage.jpeg */; };
		3A04328718433F1100DBE006 /* CoreDataViewController.m in Sources */ = {isa = PBXBuildFile; fileRef = 3A04328618433F1100DBE006 /* CoreDataViewController.m */; };
		3A04328A1844AC6100DBE006 /* NetworkActivityIndicator.m in Sources */ = {isa = PBXBuildFile; fileRef = 3A0432891844AC6100DBE006 /* NetworkActivityIndicator.m */; };
		3A16F9BD183352E70011D02B /* Foundation.framework in Frameworks */ = {isa = PBXBuildFile; fileRef = 3A16F9BC183352E70011D02B /* Foundation.framework */; };
		3A16F9BF183352E70011D02B /* CoreGraphics.framework in Frameworks */ = {isa = PBXBuildFile; fileRef = 3A16F9BE183352E70011D02B /* CoreGraphics.framework */; };
		3A16F9C1183352E70011D02B /* UIKit.framework in Frameworks */ = {isa = PBXBuildFile; fileRef = 3A16F9C0183352E70011D02B /* UIKit.framework */; };
		3A16F9C7183352E70011D02B /* InfoPlist.strings in Resources */ = {isa = PBXBuildFile; fileRef = 3A16F9C5183352E70011D02B /* InfoPlist.strings */; };
		3A16F9C9183352E70011D02B /* main.m in Sources */ = {isa = PBXBuildFile; fileRef = 3A16F9C8183352E70011D02B /* main.m */; };
		3A16F9CD183352E70011D02B /* AppDelegate.m in Sources */ = {isa = PBXBuildFile; fileRef = 3A16F9CC183352E70011D02B /* AppDelegate.m */; };
		3A16F9D0183352E70011D02B /* Main.storyboard in Resources */ = {isa = PBXBuildFile; fileRef = 3A16F9CE183352E70011D02B /* Main.storyboard */; };
		3A16F9D5183352E70011D02B /* Images.xcassets in Resources */ = {isa = PBXBuildFile; fileRef = 3A16F9D4183352E70011D02B /* Images.xcassets */; };
		3A16F9DC183352E70011D02B /* XCTest.framework in Frameworks */ = {isa = PBXBuildFile; fileRef = 3A16F9DB183352E70011D02B /* XCTest.framework */; };
		3A16F9DD183352E70011D02B /* Foundation.framework in Frameworks */ = {isa = PBXBuildFile; fileRef = 3A16F9BC183352E70011D02B /* Foundation.framework */; };
		3A16F9DE183352E70011D02B /* UIKit.framework in Frameworks */ = {isa = PBXBuildFile; fileRef = 3A16F9C0183352E70011D02B /* UIKit.framework */; };
		3A16F9E6183352E70011D02B /* InfoPlist.strings in Resources */ = {isa = PBXBuildFile; fileRef = 3A16F9E4183352E70011D02B /* InfoPlist.strings */; };
		3A16F9E8183352E70011D02B /* chirpTests.m in Sources */ = {isa = PBXBuildFile; fileRef = 3A16F9E7183352E70011D02B /* chirpTests.m */; };
		3A16F9F518339E630011D02B /* Twitter.framework in Frameworks */ = {isa = PBXBuildFile; fileRef = 3A16F9F418339E630011D02B /* Twitter.framework */; };
		3A16F9F71833A0C10011D02B /* Social.framework in Frameworks */ = {isa = PBXBuildFile; fileRef = 3A16F9F61833A0C10011D02B /* Social.framework */; };
		3A16F9F91833A2E40011D02B /* Accounts.framework in Frameworks */ = {isa = PBXBuildFile; fileRef = 3A16F9F81833A2E40011D02B /* Accounts.framework */; };
		3A731A8A184781260059C289 /* Manager.m in Sources */ = {isa = PBXBuildFile; fileRef = 3A731A89184781260059C289 /* Manager.m */; };
		3A731ADA184DDE400059C289 /* SignInViewController.m in Sources */ = {isa = PBXBuildFile; fileRef = 3A731AD9184DDE400059C289 /* SignInViewController.m */; };
		3A731AF0184E04CA0059C289 /* AFHTTPRequestOperation.m in Sources */ = {isa = PBXBuildFile; fileRef = 3A731ADE184E04CA0059C289 /* AFHTTPRequestOperation.m */; };
		3A731AF1184E04CA0059C289 /* AFHTTPRequestOperationManager.m in Sources */ = {isa = PBXBuildFile; fileRef = 3A731AE0184E04CA0059C289 /* AFHTTPRequestOperationManager.m */; };
		3A731AF2184E04CA0059C289 /* AFHTTPSessionManager.m in Sources */ = {isa = PBXBuildFile; fileRef = 3A731AE2184E04CA0059C289 /* AFHTTPSessionManager.m */; };
		3A731AF3184E04CA0059C289 /* AFNetworkReachabilityManager.m in Sources */ = {isa = PBXBuildFile; fileRef = 3A731AE5184E04CA0059C289 /* AFNetworkReachabilityManager.m */; };
		3A731AF4184E04CA0059C289 /* AFSecurityPolicy.m in Sources */ = {isa = PBXBuildFile; fileRef = 3A731AE7184E04CA0059C289 /* AFSecurityPolicy.m */; };
		3A731AF5184E04CA0059C289 /* AFURLConnectionOperation.m in Sources */ = {isa = PBXBuildFile; fileRef = 3A731AE9184E04CA0059C289 /* AFURLConnectionOperation.m */; };
		3A731AF6184E04CA0059C289 /* AFURLRequestSerialization.m in Sources */ = {isa = PBXBuildFile; fileRef = 3A731AEB184E04CA0059C289 /* AFURLRequestSerialization.m */; };
		3A731AF7184E04CA0059C289 /* AFURLResponseSerialization.m in Sources */ = {isa = PBXBuildFile; fileRef = 3A731AED184E04CA0059C289 /* AFURLResponseSerialization.m */; };
		3A731AF8184E04CA0059C289 /* AFURLSessionManager.m in Sources */ = {isa = PBXBuildFile; fileRef = 3A731AEF184E04CA0059C289 /* AFURLSessionManager.m */; };
		3A731AFB184F0EF10059C289 /* ComposeTweetViewController.m in Sources */ = {isa = PBXBuildFile; fileRef = 3A731AFA184F0EF10059C289 /* ComposeTweetViewController.m */; };
		3A7CBB67183633720023E5DF /* FeedCDVC.m in Sources */ = {isa = PBXBuildFile; fileRef = 3A7CBB66183633720023E5DF /* FeedCDVC.m */; };
		3A7CBB6A1836419D0023E5DF /* DemoFeedCDVC.m in Sources */ = {isa = PBXBuildFile; fileRef = 3A7CBB691836419D0023E5DF /* DemoFeedCDVC.m */; };
		3A7CBB6D1838A0510023E5DF /* TweetVC.m in Sources */ = {isa = PBXBuildFile; fileRef = 3A7CBB6C1838A0510023E5DF /* TweetVC.m */; };
		3AB3182A1833CF2C00C605CD /* chirp.xcdatamodeld in Sources */ = {isa = PBXBuildFile; fileRef = 3AB318281833CF2C00C605CD /* chirp.xcdatamodeld */; };
		3AB318421834950C00C605CD /* Tweet+Create.m in Sources */ = {isa = PBXBuildFile; fileRef = 3AB318411834950C00C605CD /* Tweet+Create.m */; };
		3AB318451834966000C605CD /* User+Create.m in Sources */ = {isa = PBXBuildFile; fileRef = 3AB318441834966000C605CD /* User+Create.m */; };
		3AC799D9183B415800A65C98 /* TwitterFetcher.m in Sources */ = {isa = PBXBuildFile; fileRef = 3AC799D8183B415800A65C98 /* TwitterFetcher.m */; };
		3AC799E1183C748400A65C98 /* ProfileVC.m in Sources */ = {isa = PBXBuildFile; fileRef = 3AC799E0183C748400A65C98 /* ProfileVC.m */; };
		3AC799F0183C8C2200A65C98 /* User.m in Sources */ = {isa = PBXBuildFile; fileRef = 3AC799EF183C8C2200A65C98 /* User.m */; };
		3AC799F3183C8C2300A65C98 /* Tweet.m in Sources */ = {isa = PBXBuildFile; fileRef = 3AC799F2183C8C2300A65C98 /* Tweet.m */; };
/* End PBXBuildFile section */

/* Begin PBXContainerItemProxy section */
		3A16F9DF183352E70011D02B /* PBXContainerItemProxy */ = {
			isa = PBXContainerItemProxy;
			containerPortal = 3A16F9B1183352E70011D02B /* Project object */;
			proxyType = 1;
			remoteGlobalIDString = 3A16F9B8183352E70011D02B;
			remoteInfo = chirp;
		};
/* End PBXContainerItemProxy section */

/* Begin PBXFileReference section */
		3A0432831841F8D400DBE006 /* testimage.jpeg */ = {isa = PBXFileReference; lastKnownFileType = image.jpeg; name = testimage.jpeg; path = ../../../Desktop/testimage.jpeg; sourceTree = "<group>"; };
		3A04328518433F1100DBE006 /* CoreDataViewController.h */ = {isa = PBXFileReference; fileEncoding = 4; lastKnownFileType = sourcecode.c.h; path = CoreDataViewController.h; sourceTree = "<group>"; };
		3A04328618433F1100DBE006 /* CoreDataViewController.m */ = {isa = PBXFileReference; fileEncoding = 4; lastKnownFileType = sourcecode.c.objc; path = CoreDataViewController.m; sourceTree = "<group>"; };
		3A0432881844AC6100DBE006 /* NetworkActivityIndicator.h */ = {isa = PBXFileReference; fileEncoding = 4; lastKnownFileType = sourcecode.c.h; path = NetworkActivityIndicator.h; sourceTree = "<group>"; };
		3A0432891844AC6100DBE006 /* NetworkActivityIndicator.m */ = {isa = PBXFileReference; fileEncoding = 4; lastKnownFileType = sourcecode.c.objc; path = NetworkActivityIndicator.m; sourceTree = "<group>"; };
		3A16F9B9183352E70011D02B /* chirp.app */ = {isa = PBXFileReference; explicitFileType = wrapper.application; includeInIndex = 0; path = chirp.app; sourceTree = BUILT_PRODUCTS_DIR; };
		3A16F9BC183352E70011D02B /* Foundation.framework */ = {isa = PBXFileReference; lastKnownFileType = wrapper.framework; name = Foundation.framework; path = System/Library/Frameworks/Foundation.framework; sourceTree = SDKROOT; };
		3A16F9BE183352E70011D02B /* CoreGraphics.framework */ = {isa = PBXFileReference; lastKnownFileType = wrapper.framework; name = CoreGraphics.framework; path = System/Library/Frameworks/CoreGraphics.framework; sourceTree = SDKROOT; };
		3A16F9C0183352E70011D02B /* UIKit.framework */ = {isa = PBXFileReference; lastKnownFileType = wrapper.framework; name = UIKit.framework; path = System/Library/Frameworks/UIKit.framework; sourceTree = SDKROOT; };
		3A16F9C4183352E70011D02B /* chirp-Info.plist */ = {isa = PBXFileReference; lastKnownFileType = text.plist.xml; path = "chirp-Info.plist"; sourceTree = "<group>"; };
		3A16F9C6183352E70011D02B /* en */ = {isa = PBXFileReference; lastKnownFileType = text.plist.strings; name = en; path = en.lproj/InfoPlist.strings; sourceTree = "<group>"; };
		3A16F9C8183352E70011D02B /* main.m */ = {isa = PBXFileReference; lastKnownFileType = sourcecode.c.objc; path = main.m; sourceTree = "<group>"; };
		3A16F9CA183352E70011D02B /* chirp-Prefix.pch */ = {isa = PBXFileReference; lastKnownFileType = sourcecode.c.h; path = "chirp-Prefix.pch"; sourceTree = "<group>"; };
		3A16F9CB183352E70011D02B /* AppDelegate.h */ = {isa = PBXFileReference; lastKnownFileType = sourcecode.c.h; path = AppDelegate.h; sourceTree = "<group>"; };
		3A16F9CC183352E70011D02B /* AppDelegate.m */ = {isa = PBXFileReference; lastKnownFileType = sourcecode.c.objc; path = AppDelegate.m; sourceTree = "<group>"; };
		3A16F9CF183352E70011D02B /* Base */ = {isa = PBXFileReference; lastKnownFileType = file.storyboard; name = Base; path = Base.lproj/Main.storyboard; sourceTree = "<group>"; };
		3A16F9D4183352E70011D02B /* Images.xcassets */ = {isa = PBXFileReference; lastKnownFileType = folder.assetcatalog; path = Images.xcassets; sourceTree = "<group>"; };
		3A16F9DA183352E70011D02B /* chirpTests.xctest */ = {isa = PBXFileReference; explicitFileType = wrapper.cfbundle; includeInIndex = 0; path = chirpTests.xctest; sourceTree = BUILT_PRODUCTS_DIR; };
		3A16F9DB183352E70011D02B /* XCTest.framework */ = {isa = PBXFileReference; lastKnownFileType = wrapper.framework; name = XCTest.framework; path = Library/Frameworks/XCTest.framework; sourceTree = DEVELOPER_DIR; };
		3A16F9E3183352E70011D02B /* chirpTests-Info.plist */ = {isa = PBXFileReference; lastKnownFileType = text.plist.xml; path = "chirpTests-Info.plist"; sourceTree = "<group>"; };
		3A16F9E5183352E70011D02B /* en */ = {isa = PBXFileReference; lastKnownFileType = text.plist.strings; name = en; path = en.lproj/InfoPlist.strings; sourceTree = "<group>"; };
		3A16F9E7183352E70011D02B /* chirpTests.m */ = {isa = PBXFileReference; lastKnownFileType = sourcecode.c.objc; path = chirpTests.m; sourceTree = "<group>"; };
		3A16F9F418339E630011D02B /* Twitter.framework */ = {isa = PBXFileReference; lastKnownFileType = wrapper.framework; name = Twitter.framework; path = System/Library/Frameworks/Twitter.framework; sourceTree = SDKROOT; };
		3A16F9F61833A0C10011D02B /* Social.framework */ = {isa = PBXFileReference; lastKnownFileType = wrapper.framework; name = Social.framework; path = System/Library/Frameworks/Social.framework; sourceTree = SDKROOT; };
		3A16F9F81833A2E40011D02B /* Accounts.framework */ = {isa = PBXFileReference; lastKnownFileType = wrapper.framework; name = Accounts.framework; path = System/Library/Frameworks/Accounts.framework; sourceTree = SDKROOT; };
		3A731A88184781260059C289 /* Manager.h */ = {isa = PBXFileReference; fileEncoding = 4; lastKnownFileType = sourcecode.c.h; path = Manager.h; sourceTree = "<group>"; };
		3A731A89184781260059C289 /* Manager.m */ = {isa = PBXFileReference; fileEncoding = 4; lastKnownFileType = sourcecode.c.objc; path = Manager.m; sourceTree = "<group>"; };
		3A731AD8184DDE400059C289 /* SignInViewController.h */ = {isa = PBXFileReference; fileEncoding = 4; lastKnownFileType = sourcecode.c.h; name = SignInViewController.h; path = ../SignInViewController.h; sourceTree = "<group>"; };
		3A731AD9184DDE400059C289 /* SignInViewController.m */ = {isa = PBXFileReference; fileEncoding = 4; lastKnownFileType = sourcecode.c.objc; name = SignInViewController.m; path = ../SignInViewController.m; sourceTree = "<group>"; };
		3A731ADD184E04CA0059C289 /* AFHTTPRequestOperation.h */ = {isa = PBXFileReference; fileEncoding = 4; lastKnownFileType = sourcecode.c.h; path = AFHTTPRequestOperation.h; sourceTree = "<group>"; };
		3A731ADE184E04CA0059C289 /* AFHTTPRequestOperation.m */ = {isa = PBXFileReference; fileEncoding = 4; lastKnownFileType = sourcecode.c.objc; path = AFHTTPRequestOperation.m; sourceTree = "<group>"; };
		3A731ADF184E04CA0059C289 /* AFHTTPRequestOperationManager.h */ = {isa = PBXFileReference; fileEncoding = 4; lastKnownFileType = sourcecode.c.h; path = AFHTTPRequestOperationManager.h; sourceTree = "<group>"; };
		3A731AE0184E04CA0059C289 /* AFHTTPRequestOperationManager.m */ = {isa = PBXFileReference; fileEncoding = 4; lastKnownFileType = sourcecode.c.objc; path = AFHTTPRequestOperationManager.m; sourceTree = "<group>"; };
		3A731AE1184E04CA0059C289 /* AFHTTPSessionManager.h */ = {isa = PBXFileReference; fileEncoding = 4; lastKnownFileType = sourcecode.c.h; path = AFHTTPSessionManager.h; sourceTree = "<group>"; };
		3A731AE2184E04CA0059C289 /* AFHTTPSessionManager.m */ = {isa = PBXFileReference; fileEncoding = 4; lastKnownFileType = sourcecode.c.objc; path = AFHTTPSessionManager.m; sourceTree = "<group>"; };
		3A731AE3184E04CA0059C289 /* AFNetworking.h */ = {isa = PBXFileReference; fileEncoding = 4; lastKnownFileType = sourcecode.c.h; path = AFNetworking.h; sourceTree = "<group>"; };
		3A731AE4184E04CA0059C289 /* AFNetworkReachabilityManager.h */ = {isa = PBXFileReference; fileEncoding = 4; lastKnownFileType = sourcecode.c.h; path = AFNetworkReachabilityManager.h; sourceTree = "<group>"; };
		3A731AE5184E04CA0059C289 /* AFNetworkReachabilityManager.m */ = {isa = PBXFileReference; fileEncoding = 4; lastKnownFileType = sourcecode.c.objc; path = AFNetworkReachabilityManager.m; sourceTree = "<group>"; };
		3A731AE6184E04CA0059C289 /* AFSecurityPolicy.h */ = {isa = PBXFileReference; fileEncoding = 4; lastKnownFileType = sourcecode.c.h; path = AFSecurityPolicy.h; sourceTree = "<group>"; };
		3A731AE7184E04CA0059C289 /* AFSecurityPolicy.m */ = {isa = PBXFileReference; fileEncoding = 4; lastKnownFileType = sourcecode.c.objc; path = AFSecurityPolicy.m; sourceTree = "<group>"; };
		3A731AE8184E04CA0059C289 /* AFURLConnectionOperation.h */ = {isa = PBXFileReference; fileEncoding = 4; lastKnownFileType = sourcecode.c.h; path = AFURLConnectionOperation.h; sourceTree = "<group>"; };
		3A731AE9184E04CA0059C289 /* AFURLConnectionOperation.m */ = {isa = PBXFileReference; fileEncoding = 4; lastKnownFileType = sourcecode.c.objc; path = AFURLConnectionOperation.m; sourceTree = "<group>"; };
		3A731AEA184E04CA0059C289 /* AFURLRequestSerialization.h */ = {isa = PBXFileReference; fileEncoding = 4; lastKnownFileType = sourcecode.c.h; path = AFURLRequestSerialization.h; sourceTree = "<group>"; };
		3A731AEB184E04CA0059C289 /* AFURLRequestSerialization.m */ = {isa = PBXFileReference; fileEncoding = 4; lastKnownFileType = sourcecode.c.objc; path = AFURLRequestSerialization.m; sourceTree = "<group>"; };
		3A731AEC184E04CA0059C289 /* AFURLResponseSerialization.h */ = {isa = PBXFileReference; fileEncoding = 4; lastKnownFileType = sourcecode.c.h; path = AFURLResponseSerialization.h; sourceTree = "<group>"; };
		3A731AED184E04CA0059C289 /* AFURLResponseSerialization.m */ = {isa = PBXFileReference; fileEncoding = 4; lastKnownFileType = sourcecode.c.objc; path = AFURLResponseSerialization.m; sourceTree = "<group>"; };
		3A731AEE184E04CA0059C289 /* AFURLSessionManager.h */ = {isa = PBXFileReference; fileEncoding = 4; lastKnownFileType = sourcecode.c.h; path = AFURLSessionManager.h; sourceTree = "<group>"; };
		3A731AEF184E04CA0059C289 /* AFURLSessionManager.m */ = {isa = PBXFileReference; fileEncoding = 4; lastKnownFileType = sourcecode.c.objc; path = AFURLSessionManager.m; sourceTree = "<group>"; };
		3A731AF9184F0EF10059C289 /* ComposeTweetViewController.h */ = {isa = PBXFileReference; fileEncoding = 4; lastKnownFileType = sourcecode.c.h; path = ComposeTweetViewController.h; sourceTree = "<group>"; };
		3A731AFA184F0EF10059C289 /* ComposeTweetViewController.m */ = {isa = PBXFileReference; fileEncoding = 4; lastKnownFileType = sourcecode.c.objc; path = ComposeTweetViewController.m; sourceTree = "<group>"; };
		3A7CBB65183633720023E5DF /* FeedCDVC.h */ = {isa = PBXFileReference; fileEncoding = 4; lastKnownFileType = sourcecode.c.h; path = FeedCDVC.h; sourceTree = "<group>"; };
		3A7CBB66183633720023E5DF /* FeedCDVC.m */ = {isa = PBXFileReference; fileEncoding = 4; lastKnownFileType = sourcecode.c.objc; path = FeedCDVC.m; sourceTree = "<group>"; };
		3A7CBB681836419D0023E5DF /* DemoFeedCDVC.h */ = {isa = PBXFileReference; fileEncoding = 4; lastKnownFileType = sourcecode.c.h; path = DemoFeedCDVC.h; sourceTree = "<group>"; };
		3A7CBB691836419D0023E5DF /* DemoFeedCDVC.m */ = {isa = PBXFileReference; fileEncoding = 4; lastKnownFileType = sourcecode.c.objc; path = DemoFeedCDVC.m; sourceTree = "<group>"; };
		3A7CBB6B1838A0510023E5DF /* TweetVC.h */ = {isa = PBXFileReference; fileEncoding = 4; lastKnownFileType = sourcecode.c.h; path = TweetVC.h; sourceTree = "<group>"; };
		3A7CBB6C1838A0510023E5DF /* TweetVC.m */ = {isa = PBXFileReference; fileEncoding = 4; lastKnownFileType = sourcecode.c.objc; path = TweetVC.m; sourceTree = "<group>"; };
		3AB318291833CF2C00C605CD /* chirp.xcdatamodel */ = {isa = PBXFileReference; lastKnownFileType = wrapper.xcdatamodel; path = chirp.xcdatamodel; sourceTree = "<group>"; };
		3AB318401834950C00C605CD /* Tweet+Create.h */ = {isa = PBXFileReference; fileEncoding = 4; lastKnownFileType = sourcecode.c.h; name = "Tweet+Create.h"; path = "../Tweet+Create.h"; sourceTree = "<group>"; };
		3AB318411834950C00C605CD /* Tweet+Create.m */ = {isa = PBXFileReference; fileEncoding = 4; lastKnownFileType = sourcecode.c.objc; name = "Tweet+Create.m"; path = "../Tweet+Create.m"; sourceTree = "<group>"; };
		3AB318431834966000C605CD /* User+Create.h */ = {isa = PBXFileReference; fileEncoding = 4; lastKnownFileType = sourcecode.c.h; path = "User+Create.h"; sourceTree = "<group>"; };
		3AB318441834966000C605CD /* User+Create.m */ = {isa = PBXFileReference; fileEncoding = 4; lastKnownFileType = sourcecode.c.objc; path = "User+Create.m"; sourceTree = "<group>"; };
		3AC799D7183B415800A65C98 /* TwitterFetcher.h */ = {isa = PBXFileReference; fileEncoding = 4; lastKnownFileType = sourcecode.c.h; path = TwitterFetcher.h; sourceTree = "<group>"; };
		3AC799D8183B415800A65C98 /* TwitterFetcher.m */ = {isa = PBXFileReference; fileEncoding = 4; lastKnownFileType = sourcecode.c.objc; path = TwitterFetcher.m; sourceTree = "<group>"; };
		3AC799DF183C748400A65C98 /* ProfileVC.h */ = {isa = PBXFileReference; fileEncoding = 4; lastKnownFileType = sourcecode.c.h; path = ProfileVC.h; sourceTree = "<group>"; };
		3AC799E0183C748400A65C98 /* ProfileVC.m */ = {isa = PBXFileReference; fileEncoding = 4; lastKnownFileType = sourcecode.c.objc; path = ProfileVC.m; sourceTree = "<group>"; };
		3AC799EE183C8C2200A65C98 /* User.h */ = {isa = PBXFileReference; fileEncoding = 4; lastKnownFileType = sourcecode.c.h; path = User.h; sourceTree = "<group>"; };
		3AC799EF183C8C2200A65C98 /* User.m */ = {isa = PBXFileReference; fileEncoding = 4; lastKnownFileType = sourcecode.c.objc; path = User.m; sourceTree = "<group>"; };
		3AC799F1183C8C2300A65C98 /* Tweet.h */ = {isa = PBXFileReference; fileEncoding = 4; lastKnownFileType = sourcecode.c.h; path = Tweet.h; sourceTree = "<group>"; };
		3AC799F2183C8C2300A65C98 /* Tweet.m */ = {isa = PBXFileReference; fileEncoding = 4; lastKnownFileType = sourcecode.c.objc; path = Tweet.m; sourceTree = "<group>"; };
/* End PBXFileReference section */

/* Begin PBXFrameworksBuildPhase section */
		3A16F9B6183352E70011D02B /* Frameworks */ = {
			isa = PBXFrameworksBuildPhase;
			buildActionMask = 2147483647;
			files = (
				3A16F9F91833A2E40011D02B /* Accounts.framework in Frameworks */,
				3A16F9F71833A0C10011D02B /* Social.framework in Frameworks */,
				3A16F9F518339E630011D02B /* Twitter.framework in Frameworks */,
				3A16F9BF183352E70011D02B /* CoreGraphics.framework in Frameworks */,
				3A16F9C1183352E70011D02B /* UIKit.framework in Frameworks */,
				3A16F9BD183352E70011D02B /* Foundation.framework in Frameworks */,
			);
			runOnlyForDeploymentPostprocessing = 0;
		};
		3A16F9D7183352E70011D02B /* Frameworks */ = {
			isa = PBXFrameworksBuildPhase;
			buildActionMask = 2147483647;
			files = (
				3A16F9DC183352E70011D02B /* XCTest.framework in Frameworks */,
				3A16F9DE183352E70011D02B /* UIKit.framework in Frameworks */,
				3A16F9DD183352E70011D02B /* Foundation.framework in Frameworks */,
			);
			runOnlyForDeploymentPostprocessing = 0;
		};
/* End PBXFrameworksBuildPhase section */

/* Begin PBXGroup section */
		3A16F9B0183352E70011D02B = {
			isa = PBXGroup;
			children = (
				3A731ADC184E04CA0059C289 /* AFNetworking */,
				3A16F9C2183352E70011D02B /* chirp */,
				3A16F9E1183352E70011D02B /* chirpTests */,
				3A16F9BB183352E70011D02B /* Frameworks */,
				3A16F9BA183352E70011D02B /* Products */,
			);
			sourceTree = "<group>";
		};
		3A16F9BA183352E70011D02B /* Products */ = {
			isa = PBXGroup;
			children = (
				3A16F9B9183352E70011D02B /* chirp.app */,
				3A16F9DA183352E70011D02B /* chirpTests.xctest */,
			);
			name = Products;
			sourceTree = "<group>";
		};
		3A16F9BB183352E70011D02B /* Frameworks */ = {
			isa = PBXGroup;
			children = (
				3A16F9F81833A2E40011D02B /* Accounts.framework */,
				3A16F9F61833A0C10011D02B /* Social.framework */,
				3A16F9F418339E630011D02B /* Twitter.framework */,
				3A16F9BC183352E70011D02B /* Foundation.framework */,
				3A16F9BE183352E70011D02B /* CoreGraphics.framework */,
				3A16F9C0183352E70011D02B /* UIKit.framework */,
				3A16F9DB183352E70011D02B /* XCTest.framework */,
			);
			name = Frameworks;
			sourceTree = "<group>";
		};
		3A16F9C2183352E70011D02B /* chirp */ = {
			isa = PBXGroup;
			children = (
				3A731AD8184DDE400059C289 /* SignInViewController.h */,
				3A731AD9184DDE400059C289 /* SignInViewController.m */,
				3A16F9CB183352E70011D02B /* AppDelegate.h */,
				3A16F9CC183352E70011D02B /* AppDelegate.m */,
				3A16F9CE183352E70011D02B /* Main.storyboard */,
				3A731AF9184F0EF10059C289 /* ComposeTweetViewController.h */,
				3A731AFA184F0EF10059C289 /* ComposeTweetViewController.m */,
				3A0432881844AC6100DBE006 /* NetworkActivityIndicator.h */,
				3A0432891844AC6100DBE006 /* NetworkActivityIndicator.m */,
				3A7CBB6B1838A0510023E5DF /* TweetVC.h */,
				3AC799DF183C748400A65C98 /* ProfileVC.h */,
				3AC799E0183C748400A65C98 /* ProfileVC.m */,
				3A7CBB6C1838A0510023E5DF /* TweetVC.m */,
				3A7CBB65183633720023E5DF /* FeedCDVC.h */,
				3A7CBB66183633720023E5DF /* FeedCDVC.m */,
				3A7CBB681836419D0023E5DF /* DemoFeedCDVC.h */,
				3A7CBB691836419D0023E5DF /* DemoFeedCDVC.m */,
				3A731A88184781260059C289 /* Manager.h */,
				3A731A89184781260059C289 /* Manager.m */,
				3AB318281833CF2C00C605CD /* chirp.xcdatamodeld */,
				3A16F9D4183352E70011D02B /* Images.xcassets */,
				3A0432831841F8D400DBE006 /* testimage.jpeg */,
				3AC799DD183C744C00A65C98 /* Model */,
				3A16F9C3183352E70011D02B /* Supporting Files */,
				3AC799DE183C745A00A65C98 /* Fetcher */,
			);
			path = chirp;
			sourceTree = "<group>";
		};
		3A16F9C3183352E70011D02B /* Supporting Files */ = {
			isa = PBXGroup;
			children = (
				3A16F9C4183352E70011D02B /* chirp-Info.plist */,
				3A16F9C5183352E70011D02B /* InfoPlist.strings */,
				3A16F9C8183352E70011D02B /* main.m */,
				3A16F9CA183352E70011D02B /* chirp-Prefix.pch */,
			);
			name = "Supporting Files";
			sourceTree = "<group>";
		};
		3A16F9E1183352E70011D02B /* chirpTests */ = {
			isa = PBXGroup;
			children = (
				3A16F9E7183352E70011D02B /* chirpTests.m */,
				3A16F9E2183352E70011D02B /* Supporting Files */,
			);
			path = chirpTests;
			sourceTree = "<group>";
		};
		3A16F9E2183352E70011D02B /* Supporting Files */ = {
			isa = PBXGroup;
			children = (
				3A16F9E3183352E70011D02B /* chirpTests-Info.plist */,
				3A16F9E4183352E70011D02B /* InfoPlist.strings */,
			);
			name = "Supporting Files";
			sourceTree = "<group>";
		};
		3A731ADC184E04CA0059C289 /* AFNetworking */ = {
			isa = PBXGroup;
			children = (
				3A731ADD184E04CA0059C289 /* AFHTTPRequestOperation.h */,
				3A731ADE184E04CA0059C289 /* AFHTTPRequestOperation.m */,
				3A731ADF184E04CA0059C289 /* AFHTTPRequestOperationManager.h */,
				3A731AE0184E04CA0059C289 /* AFHTTPRequestOperationManager.m */,
				3A731AE1184E04CA0059C289 /* AFHTTPSessionManager.h */,
				3A731AE2184E04CA0059C289 /* AFHTTPSessionManager.m */,
				3A731AE3184E04CA0059C289 /* AFNetworking.h */,
				3A731AE4184E04CA0059C289 /* AFNetworkReachabilityManager.h */,
				3A731AE5184E04CA0059C289 /* AFNetworkReachabilityManager.m */,
				3A731AE6184E04CA0059C289 /* AFSecurityPolicy.h */,
				3A731AE7184E04CA0059C289 /* AFSecurityPolicy.m */,
				3A731AE8184E04CA0059C289 /* AFURLConnectionOperation.h */,
				3A731AE9184E04CA0059C289 /* AFURLConnectionOperation.m */,
				3A731AEA184E04CA0059C289 /* AFURLRequestSerialization.h */,
				3A731AEB184E04CA0059C289 /* AFURLRequestSerialization.m */,
				3A731AEC184E04CA0059C289 /* AFURLResponseSerialization.h */,
				3A731AED184E04CA0059C289 /* AFURLResponseSerialization.m */,
				3A731AEE184E04CA0059C289 /* AFURLSessionManager.h */,
				3A731AEF184E04CA0059C289 /* AFURLSessionManager.m */,
			);
			path = AFNetworking;
			sourceTree = "<group>";
		};
		3AC799DD183C744C00A65C98 /* Model */ = {
			isa = PBXGroup;
			children = (
				3A04328518433F1100DBE006 /* CoreDataViewController.h */,
				3A04328618433F1100DBE006 /* CoreDataViewController.m */,
				3AC799EE183C8C2200A65C98 /* User.h */,
				3AC799F1183C8C2300A65C98 /* Tweet.h */,
				3AC799F2183C8C2300A65C98 /* Tweet.m */,
				3AC799EF183C8C2200A65C98 /* User.m */,
				3AB318401834950C00C605CD /* Tweet+Create.h */,
				3AB318411834950C00C605CD /* Tweet+Create.m */,
				3AB318431834966000C605CD /* User+Create.h */,
				3AB318441834966000C605CD /* User+Create.m */,
			);
			name = Model;
			sourceTree = "<group>";
		};
		3AC799DE183C745A00A65C98 /* Fetcher */ = {
			isa = PBXGroup;
			children = (
				3AC799D7183B415800A65C98 /* TwitterFetcher.h */,
				3AC799D8183B415800A65C98 /* TwitterFetcher.m */,
			);
			name = Fetcher;
			sourceTree = "<group>";
		};
/* End PBXGroup section */

/* Begin PBXNativeTarget section */
		3A16F9B8183352E70011D02B /* chirp */ = {
			isa = PBXNativeTarget;
			buildConfigurationList = 3A16F9EB183352E70011D02B /* Build configuration list for PBXNativeTarget "chirp" */;
			buildPhases = (
				3A16F9B5183352E70011D02B /* Sources */,
				3A16F9B6183352E70011D02B /* Frameworks */,
				3A16F9B7183352E70011D02B /* Resources */,
			);
			buildRules = (
			);
			dependencies = (
			);
			name = chirp;
			productName = chirp;
			productReference = 3A16F9B9183352E70011D02B /* chirp.app */;
			productType = "com.apple.product-type.application";
		};
		3A16F9D9183352E70011D02B /* chirpTests */ = {
			isa = PBXNativeTarget;
			buildConfigurationList = 3A16F9EE183352E70011D02B /* Build configuration list for PBXNativeTarget "chirpTests" */;
			buildPhases = (
				3A16F9D6183352E70011D02B /* Sources */,
				3A16F9D7183352E70011D02B /* Frameworks */,
				3A16F9D8183352E70011D02B /* Resources */,
			);
			buildRules = (
			);
			dependencies = (
				3A16F9E0183352E70011D02B /* PBXTargetDependency */,
			);
			name = chirpTests;
			productName = chirpTests;
			productReference = 3A16F9DA183352E70011D02B /* chirpTests.xctest */;
			productType = "com.apple.product-type.bundle.unit-test";
		};
/* End PBXNativeTarget section */

/* Begin PBXProject section */
		3A16F9B1183352E70011D02B /* Project object */ = {
			isa = PBXProject;
			attributes = {
				LastUpgradeCheck = 0500;
				ORGANIZATIONNAME = "Dushyant Bansal";
				TargetAttributes = {
					3A16F9B8183352E70011D02B = {
						DevelopmentTeam = B4X8EQS24E;
					};
					3A16F9D9183352E70011D02B = {
						TestTargetID = 3A16F9B8183352E70011D02B;
					};
				};
			};
			buildConfigurationList = 3A16F9B4183352E70011D02B /* Build configuration list for PBXProject "chirp" */;
			compatibilityVersion = "Xcode 3.2";
			developmentRegion = English;
			hasScannedForEncodings = 0;
			knownRegions = (
				en,
				Base,
			);
			mainGroup = 3A16F9B0183352E70011D02B;
			productRefGroup = 3A16F9BA183352E70011D02B /* Products */;
			projectDirPath = "";
			projectRoot = "";
			targets = (
				3A16F9B8183352E70011D02B /* chirp */,
				3A16F9D9183352E70011D02B /* chirpTests */,
			);
		};
/* End PBXProject section */

/* Begin PBXResourcesBuildPhase section */
		3A16F9B7183352E70011D02B /* Resources */ = {
			isa = PBXResourcesBuildPhase;
			buildActionMask = 2147483647;
			files = (
				3A16F9D5183352E70011D02B /* Images.xcassets in Resources */,
				3A0432841841F8D400DBE006 /* testimage.jpeg in Resources */,
				3A16F9C7183352E70011D02B /* InfoPlist.strings in Resources */,
				3A16F9D0183352E70011D02B /* Main.storyboard in Resources */,
			);
			runOnlyForDeploymentPostprocessing = 0;
		};
		3A16F9D8183352E70011D02B /* Resources */ = {
			isa = PBXResourcesBuildPhase;
			buildActionMask = 2147483647;
			files = (
				3A16F9E6183352E70011D02B /* InfoPlist.strings in Resources */,
			);
			runOnlyForDeploymentPostprocessing = 0;
		};
/* End PBXResourcesBuildPhase section */

/* Begin PBXSourcesBuildPhase section */
		3A16F9B5183352E70011D02B /* Sources */ = {
			isa = PBXSourcesBuildPhase;
			buildActionMask = 2147483647;
			files = (
				3A731AF8184E04CA0059C289 /* AFURLSessionManager.m in Sources */,
				3A731AF5184E04CA0059C289 /* AFURLConnectionOperation.m in Sources */,
				3AC799F0183C8C2200A65C98 /* User.m in Sources */,
				3A731AF2184E04CA0059C289 /* AFHTTPSessionManager.m in Sources */,
				3A731AF3184E04CA0059C289 /* AFNetworkReachabilityManager.m in Sources */,
				3AC799E1183C748400A65C98 /* ProfileVC.m in Sources */,
				3A7CBB6A1836419D0023E5DF /* DemoFeedCDVC.m in Sources */,
				3AB3182A1833CF2C00C605CD /* chirp.xcdatamodeld in Sources */,
				3A7CBB67183633720023E5DF /* FeedCDVC.m in Sources */,
				3A731AF4184E04CA0059C289 /* AFSecurityPolicy.m in Sources */,
				3A16F9CD183352E70011D02B /* AppDelegate.m in Sources */,
				3AB318421834950C00C605CD /* Tweet+Create.m in Sources */,
				3A7CBB6D1838A0510023E5DF /* TweetVC.m in Sources */,
				3A731AF1184E04CA0059C289 /* AFHTTPRequestOperationManager.m in Sources */,
				3A731ADA184DDE400059C289 /* SignInViewController.m in Sources */,
				3A04328718433F1100DBE006 /* CoreDataViewController.m in Sources */,
				3AC799F3183C8C2300A65C98 /* Tweet.m in Sources */,
				3AB318451834966000C605CD /* User+Create.m in Sources */,
				3A04328A1844AC6100DBE006 /* NetworkActivityIndicator.m in Sources */,
				3A16F9C9183352E70011D02B /* main.m in Sources */,
				3A731A8A184781260059C289 /* Manager.m in Sources */,
				3A731AFB184F0EF10059C289 /* ComposeTweetViewController.m in Sources */,
				3A731AF6184E04CA0059C289 /* AFURLRequestSerialization.m in Sources */,
				3A731AF0184E04CA0059C289 /* AFHTTPRequestOperation.m in Sources */,
				3A731AF7184E04CA0059C289 /* AFURLResponseSerialization.m in Sources */,
				3AC799D9183B415800A65C98 /* TwitterFetcher.m in Sources */,
			);
			runOnlyForDeploymentPostprocessing = 0;
		};
		3A16F9D6183352E70011D02B /* Sources */ = {
			isa = PBXSourcesBuildPhase;
			buildActionMask = 2147483647;
			files = (
				3A16F9E8183352E70011D02B /* chirpTests.m in Sources */,
			);
			runOnlyForDeploymentPostprocessing = 0;
		};
/* End PBXSourcesBuildPhase section */

/* Begin PBXTargetDependency section */
		3A16F9E0183352E70011D02B /* PBXTargetDependency */ = {
			isa = PBXTargetDependency;
			target = 3A16F9B8183352E70011D02B /* chirp */;
			targetProxy = 3A16F9DF183352E70011D02B /* PBXContainerItemProxy */;
		};
/* End PBXTargetDependency section */

/* Begin PBXVariantGroup section */
		3A16F9C5183352E70011D02B /* InfoPlist.strings */ = {
			isa = PBXVariantGroup;
			children = (
				3A16F9C6183352E70011D02B /* en */,
			);
			name = InfoPlist.strings;
			sourceTree = "<group>";
		};
		3A16F9CE183352E70011D02B /* Main.storyboard */ = {
			isa = PBXVariantGroup;
			children = (
				3A16F9CF183352E70011D02B /* Base */,
			);
			name = Main.storyboard;
			sourceTree = "<group>";
		};
		3A16F9E4183352E70011D02B /* InfoPlist.strings */ = {
			isa = PBXVariantGroup;
			children = (
				3A16F9E5183352E70011D02B /* en */,
			);
			name = InfoPlist.strings;
			sourceTree = "<group>";
		};
/* End PBXVariantGroup section */

/* Begin XCBuildConfiguration section */
		3A16F9E9183352E70011D02B /* Debug */ = {
			isa = XCBuildConfiguration;
			buildSettings = {
				ALWAYS_SEARCH_USER_PATHS = NO;
				ARCHS = "$(ARCHS_STANDARD_INCLUDING_64_BIT)";
				CLANG_CXX_LANGUAGE_STANDARD = "gnu++0x";
				CLANG_CXX_LIBRARY = "libc++";
				CLANG_ENABLE_MODULES = YES;
				CLANG_ENABLE_OBJC_ARC = YES;
				CLANG_WARN_BOOL_CONVERSION = YES;
				CLANG_WARN_CONSTANT_CONVERSION = YES;
				CLANG_WARN_DIRECT_OBJC_ISA_USAGE = YES_ERROR;
				CLANG_WARN_EMPTY_BODY = YES;
				CLANG_WARN_ENUM_CONVERSION = YES;
				CLANG_WARN_INT_CONVERSION = YES;
				CLANG_WARN_OBJC_ROOT_CLASS = YES_ERROR;
				CLANG_WARN__DUPLICATE_METHOD_MATCH = YES;
				"CODE_SIGN_IDENTITY[sdk=iphoneos*]" = "iPhone Developer";
				COPY_PHASE_STRIP = NO;
				GCC_C_LANGUAGE_STANDARD = gnu99;
				GCC_DYNAMIC_NO_PIC = NO;
				GCC_OPTIMIZATION_LEVEL = 0;
				GCC_PREPROCESSOR_DEFINITIONS = (
					"DEBUG=1",
					"$(inherited)",
				);
				GCC_SYMBOLS_PRIVATE_EXTERN = NO;
				GCC_WARN_64_TO_32_BIT_CONVERSION = YES;
				GCC_WARN_ABOUT_RETURN_TYPE = YES_ERROR;
				GCC_WARN_UNDECLARED_SELECTOR = YES;
				GCC_WARN_UNINITIALIZED_AUTOS = YES;
				GCC_WARN_UNUSED_FUNCTION = YES;
				GCC_WARN_UNUSED_VARIABLE = YES;
				IPHONEOS_DEPLOYMENT_TARGET = 7.0;
				ONLY_ACTIVE_ARCH = YES;
				SDKROOT = iphoneos;
			};
			name = Debug;
		};
		3A16F9EA183352E70011D02B /* Release */ = {
			isa = XCBuildConfiguration;
			buildSettings = {
				ALWAYS_SEARCH_USER_PATHS = NO;
				ARCHS = "$(ARCHS_STANDARD_INCLUDING_64_BIT)";
				CLANG_CXX_LANGUAGE_STANDARD = "gnu++0x";
				CLANG_CXX_LIBRARY = "libc++";
				CLANG_ENABLE_MODULES = YES;
				CLANG_ENABLE_OBJC_ARC = YES;
				CLANG_WARN_BOOL_CONVERSION = YES;
				CLANG_WARN_CONSTANT_CONVERSION = YES;
				CLANG_WARN_DIRECT_OBJC_ISA_USAGE = YES_ERROR;
				CLANG_WARN_EMPTY_BODY = YES;
				CLANG_WARN_ENUM_CONVERSION = YES;
				CLANG_WARN_INT_CONVERSION = YES;
				CLANG_WARN_OBJC_ROOT_CLASS = YES_ERROR;
				CLANG_WARN__DUPLICATE_METHOD_MATCH = YES;
				"CODE_SIGN_IDENTITY[sdk=iphoneos*]" = "iPhone Developer";
				COPY_PHASE_STRIP = YES;
				ENABLE_NS_ASSERTIONS = NO;
				GCC_C_LANGUAGE_STANDARD = gnu99;
				GCC_WARN_64_TO_32_BIT_CONVERSION = YES;
				GCC_WARN_ABOUT_RETURN_TYPE = YES_ERROR;
				GCC_WARN_UNDECLARED_SELECTOR = YES;
				GCC_WARN_UNINITIALIZED_AUTOS = YES;
				GCC_WARN_UNUSED_FUNCTION = YES;
				GCC_WARN_UNUSED_VARIABLE = YES;
				IPHONEOS_DEPLOYMENT_TARGET = 7.0;
				SDKROOT = iphoneos;
				VALIDATE_PRODUCT = YES;
			};
			name = Release;
		};
		3A16F9EC183352E70011D02B /* Debug */ = {
			isa = XCBuildConfiguration;
			buildSettings = {
				ASSETCATALOG_COMPILER_APPICON_NAME = AppIcon;
				ASSETCATALOG_COMPILER_LAUNCHIMAGE_NAME = LaunchImage;
				CODE_SIGN_IDENTITY = "iPhone Developer";
				"CODE_SIGN_IDENTITY[sdk=iphoneos*]" = "iPhone Developer";
				GCC_PRECOMPILE_PREFIX_HEADER = YES;
				GCC_PREFIX_HEADER = "chirp/chirp-Prefix.pch";
				INFOPLIST_FILE = "chirp/chirp-Info.plist";
				PRODUCT_NAME = "$(TARGET_NAME)";
				PROVISIONING_PROFILE = "";
				WRAPPER_EXTENSION = app;
			};
			name = Debug;
		};
		3A16F9ED183352E70011D02B /* Release */ = {
			isa = XCBuildConfiguration;
			buildSettings = {
				ASSETCATALOG_COMPILER_APPICON_NAME = AppIcon;
				ASSETCATALOG_COMPILER_LAUNCHIMAGE_NAME = LaunchImage;
				CODE_SIGN_IDENTITY = "iPhone Developer";
				"CODE_SIGN_IDENTITY[sdk=iphoneos*]" = "iPhone Developer";
				GCC_PRECOMPILE_PREFIX_HEADER = YES;
				GCC_PREFIX_HEADER = "chirp/chirp-Prefix.pch";
				INFOPLIST_FILE = "chirp/chirp-Info.plist";
				PRODUCT_NAME = "$(TARGET_NAME)";
				PROVISIONING_PROFILE = "";
				WRAPPER_EXTENSION = app;
			};
			name = Release;
		};
		3A16F9EF183352E70011D02B /* Debug */ = {
			isa = XCBuildConfiguration;
			buildSettings = {
				ARCHS = "$(ARCHS_STANDARD_INCLUDING_64_BIT)";
				BUNDLE_LOADER = "$(BUILT_PRODUCTS_DIR)/chirp.app/chirp";
				FRAMEWORK_SEARCH_PATHS = (
					"$(SDKROOT)/Developer/Library/Frameworks",
					"$(inherited)",
					"$(DEVELOPER_FRAMEWORKS_DIR)",
				);
				GCC_PRECOMPILE_PREFIX_HEADER = YES;
				GCC_PREFIX_HEADER = "chirp/chirp-Prefix.pch";
				GCC_PREPROCESSOR_DEFINITIONS = (
					"DEBUG=1",
					"$(inherited)",
				);
				INFOPLIST_FILE = "chirpTests/chirpTests-Info.plist";
				PRODUCT_NAME = "$(TARGET_NAME)";
				TEST_HOST = "$(BUNDLE_LOADER)";
				WRAPPER_EXTENSION = xctest;
			};
			name = Debug;
		};
		3A16F9F0183352E70011D02B /* Release */ = {
			isa = XCBuildConfiguration;
			buildSettings = {
				ARCHS = "$(ARCHS_STANDARD_INCLUDING_64_BIT)";
				BUNDLE_LOADER = "$(BUILT_PRODUCTS_DIR)/chirp.app/chirp";
				FRAMEWORK_SEARCH_PATHS = (
					"$(SDKROOT)/Developer/Library/Frameworks",
					"$(inherited)",
					"$(DEVELOPER_FRAMEWORKS_DIR)",
				);
				GCC_PRECOMPILE_PREFIX_HEADER = YES;
				GCC_PREFIX_HEADER = "chirp/chirp-Prefix.pch";
				INFOPLIST_FILE = "chirpTests/chirpTests-Info.plist";
				PRODUCT_NAME = "$(TARGET_NAME)";
				TEST_HOST = "$(BUNDLE_LOADER)";
				WRAPPER_EXTENSION = xctest;
			};
			name = Release;
		};
/* End XCBuildConfiguration section */

/* Begin XCConfigurationList section */
		3A16F9B4183352E70011D02B /* Build configuration list for PBXProject "chirp" */ = {
			isa = XCConfigurationList;
			buildConfigurations = (
				3A16F9E9183352E70011D02B /* Debug */,
				3A16F9EA183352E70011D02B /* Release */,
			);
			defaultConfigurationIsVisible = 0;
			defaultConfigurationName = Release;
		};
		3A16F9EB183352E70011D02B /* Build configuration list for PBXNativeTarget "chirp" */ = {
			isa = XCConfigurationList;
			buildConfigurations = (
				3A16F9EC183352E70011D02B /* Debug */,
				3A16F9ED183352E70011D02B /* Release */,
			);
			defaultConfigurationIsVisible = 0;
			defaultConfigurationName = Release;
		};
		3A16F9EE183352E70011D02B /* Build configuration list for PBXNativeTarget "chirpTests" */ = {
			isa = XCConfigurationList;
			buildConfigurations = (
				3A16F9EF183352E70011D02B /* Debug */,
				3A16F9F0183352E70011D02B /* Release */,
			);
			defaultConfigurationIsVisible = 0;
			defaultConfigurationName = Release;
		};
/* End XCConfigurationList section */

/* Begin XCVersionGroup section */
		3AB318281833CF2C00C605CD /* chirp.xcdatamodeld */ = {
			isa = XCVersionGroup;
			children = (
				3AB318291833CF2C00C605CD /* chirp.xcdatamodel */,
			);
			currentVersion = 3AB318291833CF2C00C605CD /* chirp.xcdatamodel */;
			path = chirp.xcdatamodeld;
			sourceTree = "<group>";
			versionGroupType = wrapper.xcdatamodel;
		};
/* End XCVersionGroup section */
	};
	rootObject = 3A16F9B1183352E70011D02B /* Project object */;
}
